
Microsoft Visual Studio Solution File, Format Version 12.00
# Visual Studio Version 16
VisualStudioVersion = 16.0.29509.3
MinimumVisualStudioVersion = 10.0.40219.1
Project("{9A19103F-16F7-4668-BE54-9A1E7A4F7556}") = "Day01", "Day01\Day01.csproj", "{7C71F538-8D55-4D71-A23A-C315883824EB}"
EndProject
Project("{9A19103F-16F7-4668-BE54-9A1E7A4F7556}") = "Day02", "Day02\Day02.csproj", "{70904DA5-5F54-494B-887E-7A8AE0BC6789}"
EndProject
Project("{9A19103F-16F7-4668-BE54-9A1E7A4F7556}") = "Day03", "Day03\Day03.csproj", "{E02C3C9C-F070-4931-ADB0-C050330DB1F2}"
EndProject
Project("{9A19103F-16F7-4668-BE54-9A1E7A4F7556}") = "Day04", "Day04\Day04.csproj", "{6489CD60-D6E5-40F1-8F7E-7B1192984C4B}"
EndProject
Project("{9A19103F-16F7-4668-BE54-9A1E7A4F7556}") = "Day05", "Day05\Day05.csproj", "{3BDABAA8-1DAC-498D-A171-86F0E7B636AA}"
EndProject
Project("{9A19103F-16F7-4668-BE54-9A1E7A4F7556}") = "Day06", "Day06\Day06.csproj", "{ACC92D34-4057-4792-95B2-8EABB36ABA80}"
EndProject
Project("{9A19103F-16F7-4668-BE54-9A1E7A4F7556}") = "Day07", "Day07\Day07.csproj", "{4E9A8D46-67C4-4F09-BEDD-14F6CD3A100C}"
EndProject
Project("{9A19103F-16F7-4668-BE54-9A1E7A4F7556}") = "Day08", "Day08\Day08.csproj", "{15475A11-4A7B-4C3A-ABBC-5C6A8F9700A0}"
EndProject
Project("{9A19103F-16F7-4668-BE54-9A1E7A4F7556}") = "Day09", "Day09\Day09.csproj", "{4A2464FF-4030-43F2-98E8-780C37AA24DD}"
EndProject
Project("{9A19103F-16F7-4668-BE54-9A1E7A4F7556}") = "Day10", "Day10\Day10.csproj", "{6488F668-656A-4997-A358-0426889322DA}"
EndProject
Project("{9A19103F-16F7-4668-BE54-9A1E7A4F7556}") = "Day11", "Day11\Day11.csproj", "{00BF3625-73C9-4D9F-8725-6D11518B3AAD}"
EndProject
Project("{9A19103F-16F7-4668-BE54-9A1E7A4F7556}") = "Day12", "Day12\Day12.csproj", "{BEF5AA4A-DC7A-4128-A6B9-CF86E757D8B1}"
EndProject
Project("{FAE04EC0-301F-11D3-BF4B-00C04F79EFBC}") = "Day13", "Day13\Day13.csproj", "{FEE60FAE-7220-4FFD-BC96-D9288FCBB7A3}"
EndProject
Global
	GlobalSection(SolutionConfigurationPlatforms) = preSolution
		Debug|Any CPU = Debug|Any CPU
		Release|Any CPU = Release|Any CPU
	EndGlobalSection
	GlobalSection(ProjectConfigurationPlatforms) = postSolution
		{7C71F538-8D55-4D71-A23A-C315883824EB}.Debug|Any CPU.ActiveCfg = Debug|Any CPU
		{7C71F538-8D55-4D71-A23A-C315883824EB}.Debug|Any CPU.Build.0 = Debug|Any CPU
		{7C71F538-8D55-4D71-A23A-C315883824EB}.Release|Any CPU.ActiveCfg = Release|Any CPU
		{7C71F538-8D55-4D71-A23A-C315883824EB}.Release|Any CPU.Build.0 = Release|Any CPU
		{70904DA5-5F54-494B-887E-7A8AE0BC6789}.Debug|Any CPU.ActiveCfg = Debug|Any CPU
		{70904DA5-5F54-494B-887E-7A8AE0BC6789}.Debug|Any CPU.Build.0 = Debug|Any CPU
		{70904DA5-5F54-494B-887E-7A8AE0BC6789}.Release|Any CPU.ActiveCfg = Release|Any CPU
		{70904DA5-5F54-494B-887E-7A8AE0BC6789}.Release|Any CPU.Build.0 = Release|Any CPU
		{E02C3C9C-F070-4931-ADB0-C050330DB1F2}.Debug|Any CPU.ActiveCfg = Debug|Any CPU
		{E02C3C9C-F070-4931-ADB0-C050330DB1F2}.Debug|Any CPU.Build.0 = Debug|Any CPU
		{E02C3C9C-F070-4931-ADB0-C050330DB1F2}.Release|Any CPU.ActiveCfg = Release|Any CPU
		{E02C3C9C-F070-4931-ADB0-C050330DB1F2}.Release|Any CPU.Build.0 = Release|Any CPU
		{6489CD60-D6E5-40F1-8F7E-7B1192984C4B}.Debug|Any CPU.ActiveCfg = Debug|Any CPU
		{6489CD60-D6E5-40F1-8F7E-7B1192984C4B}.Debug|Any CPU.Build.0 = Debug|Any CPU
		{6489CD60-D6E5-40F1-8F7E-7B1192984C4B}.Release|Any CPU.ActiveCfg = Release|Any CPU
		{6489CD60-D6E5-40F1-8F7E-7B1192984C4B}.Release|Any CPU.Build.0 = Release|Any CPU
		{3BDABAA8-1DAC-498D-A171-86F0E7B636AA}.Debug|Any CPU.ActiveCfg = Debug|Any CPU
		{3BDABAA8-1DAC-498D-A171-86F0E7B636AA}.Debug|Any CPU.Build.0 = Debug|Any CPU
		{3BDABAA8-1DAC-498D-A171-86F0E7B636AA}.Release|Any CPU.ActiveCfg = Release|Any CPU
		{3BDABAA8-1DAC-498D-A171-86F0E7B636AA}.Release|Any CPU.Build.0 = Release|Any CPU
		{ACC92D34-4057-4792-95B2-8EABB36ABA80}.Debug|Any CPU.ActiveCfg = Debug|Any CPU
		{ACC92D34-4057-4792-95B2-8EABB36ABA80}.Debug|Any CPU.Build.0 = Debug|Any CPU
		{ACC92D34-4057-4792-95B2-8EABB36ABA80}.Release|Any CPU.ActiveCfg = Release|Any CPU
		{ACC92D34-4057-4792-95B2-8EABB36ABA80}.Release|Any CPU.Build.0 = Release|Any CPU
		{4E9A8D46-67C4-4F09-BEDD-14F6CD3A100C}.Debug|Any CPU.ActiveCfg = Debug|Any CPU
		{4E9A8D46-67C4-4F09-BEDD-14F6CD3A100C}.Debug|Any CPU.Build.0 = Debug|Any CPU
		{4E9A8D46-67C4-4F09-BEDD-14F6CD3A100C}.Release|Any CPU.ActiveCfg = Release|Any CPU
		{4E9A8D46-67C4-4F09-BEDD-14F6CD3A100C}.Release|Any CPU.Build.0 = Release|Any CPU
		{15475A11-4A7B-4C3A-ABBC-5C6A8F9700A0}.Debug|Any CPU.ActiveCfg = Debug|Any CPU
		{15475A11-4A7B-4C3A-ABBC-5C6A8F9700A0}.Debug|Any CPU.Build.0 = Debug|Any CPU
		{15475A11-4A7B-4C3A-ABBC-5C6A8F9700A0}.Release|Any CPU.ActiveCfg = Release|Any CPU
		{15475A11-4A7B-4C3A-ABBC-5C6A8F9700A0}.Release|Any CPU.Build.0 = Release|Any CPU
		{4A2464FF-4030-43F2-98E8-780C37AA24DD}.Debug|Any CPU.ActiveCfg = Debug|Any CPU
		{4A2464FF-4030-43F2-98E8-780C37AA24DD}.Debug|Any CPU.Build.0 = Debug|Any CPU
		{4A2464FF-4030-43F2-98E8-780C37AA24DD}.Release|Any CPU.ActiveCfg = Release|Any CPU
		{4A2464FF-4030-43F2-98E8-780C37AA24DD}.Release|Any CPU.Build.0 = Release|Any CPU
		{6488F668-656A-4997-A358-0426889322DA}.Debug|Any CPU.ActiveCfg = Debug|Any CPU
		{6488F668-656A-4997-A358-0426889322DA}.Debug|Any CPU.Build.0 = Debug|Any CPU
		{6488F668-656A-4997-A358-0426889322DA}.Release|Any CPU.ActiveCfg = Release|Any CPU
		{6488F668-656A-4997-A358-0426889322DA}.Release|Any CPU.Build.0 = Release|Any CPU
		{00BF3625-73C9-4D9F-8725-6D11518B3AAD}.Debug|Any CPU.ActiveCfg = Debug|Any CPU
		{00BF3625-73C9-4D9F-8725-6D11518B3AAD}.Debug|Any CPU.Build.0 = Debug|Any CPU
		{00BF3625-73C9-4D9F-8725-6D11518B3AAD}.Release|Any CPU.ActiveCfg = Release|Any CPU
		{00BF3625-73C9-4D9F-8725-6D11518B3AAD}.Release|Any CPU.Build.0 = Release|Any CPU
		{BEF5AA4A-DC7A-4128-A6B9-CF86E757D8B1}.Debug|Any CPU.ActiveCfg = Debug|Any CPU
		{BEF5AA4A-DC7A-4128-A6B9-CF86E757D8B1}.Debug|Any CPU.Build.0 = Debug|Any CPU
		{BEF5AA4A-DC7A-4128-A6B9-CF86E757D8B1}.Release|Any CPU.ActiveCfg = Release|Any CPU
		{BEF5AA4A-DC7A-4128-A6B9-CF86E757D8B1}.Release|Any CPU.Build.0 = Release|Any CPU
		{FEE60FAE-7220-4FFD-BC96-D9288FCBB7A3}.Debug|Any CPU.ActiveCfg = Debug|Any CPU
		{FEE60FAE-7220-4FFD-BC96-D9288FCBB7A3}.Debug|Any CPU.Build.0 = Debug|Any CPU
		{FEE60FAE-7220-4FFD-BC96-D9288FCBB7A3}.Release|Any CPU.ActiveCfg = Release|Any CPU
		{FEE60FAE-7220-4FFD-BC96-D9288FCBB7A3}.Release|Any CPU.Build.0 = Release|Any CPU
	EndGlobalSection
	GlobalSection(SolutionProperties) = preSolution
		HideSolutionNode = FALSE
	EndGlobalSection
	GlobalSection(ExtensibilityGlobals) = postSolution
		SolutionGuid = {43DE50A3-ED36-483D-8E56-2DF601EE522C}
	EndGlobalSection
EndGlobal
